
Microsoft Visual Studio Solution File, Format Version 12.00
# Visual Studio Version 17
VisualStudioVersion = 17.9.34728.123
MinimumVisualStudioVersion = 10.0.40219.1
Project("{9A19103F-16F7-4668-BE54-9A1E7A4F7556}") = "SquareApi", "SquareApi\SquareApi.csproj", "{F8E913DE-1C06-40A8-9A5B-DC93924A587E}"
EndProject
Project("{FAE04EC0-301F-11D3-BF4B-00C04F79EFBC}") = "SquareApiTests1", "SquareApiTests1\SquareApiTests1.csproj", "{CCAD0F4B-8135-4263-9BC5-6020F6C94FEF}"
EndProject
Global
	GlobalSection(SolutionConfigurationPlatforms) = preSolution
		Debug|Any CPU = Debug|Any CPU
		Release|Any CPU = Release|Any CPU
	EndGlobalSection
	GlobalSection(ProjectConfigurationPlatforms) = postSolution
		{F8E913DE-1C06-40A8-9A5B-DC93924A587E}.Debug|Any CPU.ActiveCfg = Debug|Any CPU
		{F8E913DE-1C06-40A8-9A5B-DC93924A587E}.Debug|Any CPU.Build.0 = Debug|Any CPU
		{F8E913DE-1C06-40A8-9A5B-DC93924A587E}.Release|Any CPU.ActiveCfg = Release|Any CPU
		{F8E913DE-1C06-40A8-9A5B-DC93924A587E}.Release|Any CPU.Build.0 = Release|Any CPU
		{CCAD0F4B-8135-4263-9BC5-6020F6C94FEF}.Debug|Any CPU.ActiveCfg = Debug|Any CPU
		{CCAD0F4B-8135-4263-9BC5-6020F6C94FEF}.Debug|Any CPU.Build.0 = Debug|Any CPU
		{CCAD0F4B-8135-4263-9BC5-6020F6C94FEF}.Release|Any CPU.ActiveCfg = Release|Any CPU
		{CCAD0F4B-8135-4263-9BC5-6020F6C94FEF}.Release|Any CPU.Build.0 = Release|Any CPU
	EndGlobalSection
	GlobalSection(SolutionProperties) = preSolution
		HideSolutionNode = FALSE
	EndGlobalSection
	GlobalSection(ExtensibilityGlobals) = postSolution
		SolutionGuid = {D6279CFB-B18D-49BB-A229-A60215431560}
	EndGlobalSection
EndGlobal
